
Microsoft Visual Studio Solution File, Format Version 12.00
# Visual Studio Version 16
VisualStudioVersion = 16.0.30114.105
MinimumVisualStudioVersion = 10.0.40219.1
Project("{2150E333-8FDC-42A3-9474-1A3956D46DE8}") = "src", "src", "{624E94D6-541D-4144-A3AE-8C5B61EC98C4}"
EndProject
Project("{9A19103F-16F7-4668-BE54-9A1E7A4F7556}") = "SimpleAPI", "src\SimpleAPI\SimpleAPI.csproj", "{4AB9C1E8-5E2F-4BCF-AED7-D568DD4DFA9E}"
EndProject
Project("{2150E333-8FDC-42A3-9474-1A3956D46DE8}") = "test", "test", "{89255F7C-1843-40CC-85E9-414EBAFAD0D8}"
EndProject
Project("{9A19103F-16F7-4668-BE54-9A1E7A4F7556}") = "SimpleAPI.Test", "test\SimpleAPI.Test\SimpleAPI.Test.csproj", "{E660E9FF-CF56-4A35-AECE-A00CE471E58C}"
EndProject
Global
	GlobalSection(SolutionConfigurationPlatforms) = preSolution
		Debug|Any CPU = Debug|Any CPU
		Debug|x64 = Debug|x64
		Debug|x86 = Debug|x86
		Release|Any CPU = Release|Any CPU
		Release|x64 = Release|x64
		Release|x86 = Release|x86
	EndGlobalSection
	GlobalSection(ProjectConfigurationPlatforms) = postSolution
		{4AB9C1E8-5E2F-4BCF-AED7-D568DD4DFA9E}.Debug|Any CPU.ActiveCfg = Debug|Any CPU
		{4AB9C1E8-5E2F-4BCF-AED7-D568DD4DFA9E}.Debug|Any CPU.Build.0 = Debug|Any CPU
		{4AB9C1E8-5E2F-4BCF-AED7-D568DD4DFA9E}.Debug|x64.ActiveCfg = Debug|Any CPU
		{4AB9C1E8-5E2F-4BCF-AED7-D568DD4DFA9E}.Debug|x64.Build.0 = Debug|Any CPU
		{4AB9C1E8-5E2F-4BCF-AED7-D568DD4DFA9E}.Debug|x86.ActiveCfg = Debug|Any CPU
		{4AB9C1E8-5E2F-4BCF-AED7-D568DD4DFA9E}.Debug|x86.Build.0 = Debug|Any CPU
		{4AB9C1E8-5E2F-4BCF-AED7-D568DD4DFA9E}.Release|Any CPU.ActiveCfg = Release|Any CPU
		{4AB9C1E8-5E2F-4BCF-AED7-D568DD4DFA9E}.Release|Any CPU.Build.0 = Release|Any CPU
		{4AB9C1E8-5E2F-4BCF-AED7-D568DD4DFA9E}.Release|x64.ActiveCfg = Release|Any CPU
		{4AB9C1E8-5E2F-4BCF-AED7-D568DD4DFA9E}.Release|x64.Build.0 = Release|Any CPU
		{4AB9C1E8-5E2F-4BCF-AED7-D568DD4DFA9E}.Release|x86.ActiveCfg = Release|Any CPU
		{4AB9C1E8-5E2F-4BCF-AED7-D568DD4DFA9E}.Release|x86.Build.0 = Release|Any CPU
		{E660E9FF-CF56-4A35-AECE-A00CE471E58C}.Debug|Any CPU.ActiveCfg = Debug|Any CPU
		{E660E9FF-CF56-4A35-AECE-A00CE471E58C}.Debug|Any CPU.Build.0 = Debug|Any CPU
		{E660E9FF-CF56-4A35-AECE-A00CE471E58C}.Debug|x64.ActiveCfg = Debug|Any CPU
		{E660E9FF-CF56-4A35-AECE-A00CE471E58C}.Debug|x64.Build.0 = Debug|Any CPU
		{E660E9FF-CF56-4A35-AECE-A00CE471E58C}.Debug|x86.ActiveCfg = Debug|Any CPU
		{E660E9FF-CF56-4A35-AECE-A00CE471E58C}.Debug|x86.Build.0 = Debug|Any CPU
		{E660E9FF-CF56-4A35-AECE-A00CE471E58C}.Release|Any CPU.ActiveCfg = Release|Any CPU
		{E660E9FF-CF56-4A35-AECE-A00CE471E58C}.Release|Any CPU.Build.0 = Release|Any CPU
		{E660E9FF-CF56-4A35-AECE-A00CE471E58C}.Release|x64.ActiveCfg = Release|Any CPU
		{E660E9FF-CF56-4A35-AECE-A00CE471E58C}.Release|x64.Build.0 = Release|Any CPU
		{E660E9FF-CF56-4A35-AECE-A00CE471E58C}.Release|x86.ActiveCfg = Release|Any CPU
		{E660E9FF-CF56-4A35-AECE-A00CE471E58C}.Release|x86.Build.0 = Release|Any CPU
	EndGlobalSection
	GlobalSection(SolutionProperties) = preSolution
		HideSolutionNode = FALSE
	EndGlobalSection
	GlobalSection(NestedProjects) = preSolution
		{4AB9C1E8-5E2F-4BCF-AED7-D568DD4DFA9E} = {624E94D6-541D-4144-A3AE-8C5B61EC98C4}
		{E660E9FF-CF56-4A35-AECE-A00CE471E58C} = {89255F7C-1843-40CC-85E9-414EBAFAD0D8}
	EndGlobalSection
	GlobalSection(ExtensibilityGlobals) = postSolution
		SolutionGuid = {BC8D0A4F-3A32-485C-BE36-DB37BE3AC5BA}
	EndGlobalSection
EndGlobal
